
Microsoft Visual Studio Solution File, Format Version 12.00
# Visual Studio Version 17
VisualStudioVersion = 17.11.35327.3
MinimumVisualStudioVersion = 10.0.40219.1
Project("{FAE04EC0-301F-11D3-BF4B-00C04F79EFBC}") = "thread 2", "thread 2\thread 2.csproj", "{1BA19F6C-741F-466A-93EB-6B1A4836EAED}"
EndProject
Global
	GlobalSection(SolutionConfigurationPlatforms) = preSolution
		Debug|Any CPU = Debug|Any CPU
		Release|Any CPU = Release|Any CPU
	EndGlobalSection
	GlobalSection(ProjectConfigurationPlatforms) = postSolution
		{1BA19F6C-741F-466A-93EB-6B1A4836EAED}.Debug|Any CPU.ActiveCfg = Debug|Any CPU
		{1BA19F6C-741F-466A-93EB-6B1A4836EAED}.Debug|Any CPU.Build.0 = Debug|Any CPU
		{1BA19F6C-741F-466A-93EB-6B1A4836EAED}.Release|Any CPU.ActiveCfg = Release|Any CPU
		{1BA19F6C-741F-466A-93EB-6B1A4836EAED}.Release|Any CPU.Build.0 = Release|Any CPU
	EndGlobalSection
	GlobalSection(SolutionProperties) = preSolution
		HideSolutionNode = FALSE
	EndGlobalSection
	GlobalSection(ExtensibilityGlobals) = postSolution
		SolutionGuid = {BB7A911A-D554-437C-873B-08E75D59E77E}
	EndGlobalSection
EndGlobal
