
Microsoft Visual Studio Solution File, Format Version 12.00
# Visual Studio Version 17
VisualStudioVersion = 17.11.35327.3
MinimumVisualStudioVersion = 10.0.40219.1
Project("{FAE04EC0-301F-11D3-BF4B-00C04F79EFBC}") = "task 9", "task 9\task 9.csproj", "{83B97E98-4833-4800-A309-37A7EA3E44E8}"
EndProject
Global
	GlobalSection(SolutionConfigurationPlatforms) = preSolution
		Debug|Any CPU = Debug|Any CPU
		Release|Any CPU = Release|Any CPU
	EndGlobalSection
	GlobalSection(ProjectConfigurationPlatforms) = postSolution
		{83B97E98-4833-4800-A309-37A7EA3E44E8}.Debug|Any CPU.ActiveCfg = Debug|Any CPU
		{83B97E98-4833-4800-A309-37A7EA3E44E8}.Debug|Any CPU.Build.0 = Debug|Any CPU
		{83B97E98-4833-4800-A309-37A7EA3E44E8}.Release|Any CPU.ActiveCfg = Release|Any CPU
		{83B97E98-4833-4800-A309-37A7EA3E44E8}.Release|Any CPU.Build.0 = Release|Any CPU
	EndGlobalSection
	GlobalSection(SolutionProperties) = preSolution
		HideSolutionNode = FALSE
	EndGlobalSection
	GlobalSection(ExtensibilityGlobals) = postSolution
		SolutionGuid = {3A31279B-14FC-47DA-8DEF-410A2C82C71B}
	EndGlobalSection
EndGlobal
