
Microsoft Visual Studio Solution File, Format Version 12.00
# Visual Studio Version 17
VisualStudioVersion = 17.11.35327.3
MinimumVisualStudioVersion = 10.0.40219.1
Project("{FAE04EC0-301F-11D3-BF4B-00C04F79EFBC}") = "Thread 1", "Thread 1\Thread 1.csproj", "{D9B8DD6D-ECE1-410F-9CF2-70BE781AB0EE}"
EndProject
Global
	GlobalSection(SolutionConfigurationPlatforms) = preSolution
		Debug|Any CPU = Debug|Any CPU
		Release|Any CPU = Release|Any CPU
	EndGlobalSection
	GlobalSection(ProjectConfigurationPlatforms) = postSolution
		{D9B8DD6D-ECE1-410F-9CF2-70BE781AB0EE}.Debug|Any CPU.ActiveCfg = Debug|Any CPU
		{D9B8DD6D-ECE1-410F-9CF2-70BE781AB0EE}.Debug|Any CPU.Build.0 = Debug|Any CPU
		{D9B8DD6D-ECE1-410F-9CF2-70BE781AB0EE}.Release|Any CPU.ActiveCfg = Release|Any CPU
		{D9B8DD6D-ECE1-410F-9CF2-70BE781AB0EE}.Release|Any CPU.Build.0 = Release|Any CPU
	EndGlobalSection
	GlobalSection(SolutionProperties) = preSolution
		HideSolutionNode = FALSE
	EndGlobalSection
	GlobalSection(ExtensibilityGlobals) = postSolution
		SolutionGuid = {B53863FC-0ACD-471B-8DB0-E5E06C18E07A}
	EndGlobalSection
EndGlobal
