
Microsoft Visual Studio Solution File, Format Version 12.00
# Visual Studio Version 17
VisualStudioVersion = 17.11.35327.3
MinimumVisualStudioVersion = 10.0.40219.1
Project("{FAE04EC0-301F-11D3-BF4B-00C04F79EFBC}") = "thread 10", "thread 10\thread 10.csproj", "{20A16C25-2FA6-4597-9B19-63504A685BDA}"
EndProject
Global
	GlobalSection(SolutionConfigurationPlatforms) = preSolution
		Debug|Any CPU = Debug|Any CPU
		Release|Any CPU = Release|Any CPU
	EndGlobalSection
	GlobalSection(ProjectConfigurationPlatforms) = postSolution
		{20A16C25-2FA6-4597-9B19-63504A685BDA}.Debug|Any CPU.ActiveCfg = Debug|Any CPU
		{20A16C25-2FA6-4597-9B19-63504A685BDA}.Debug|Any CPU.Build.0 = Debug|Any CPU
		{20A16C25-2FA6-4597-9B19-63504A685BDA}.Release|Any CPU.ActiveCfg = Release|Any CPU
		{20A16C25-2FA6-4597-9B19-63504A685BDA}.Release|Any CPU.Build.0 = Release|Any CPU
	EndGlobalSection
	GlobalSection(SolutionProperties) = preSolution
		HideSolutionNode = FALSE
	EndGlobalSection
	GlobalSection(ExtensibilityGlobals) = postSolution
		SolutionGuid = {AA6D1357-B6DE-46C0-8DF1-B591C89590BE}
	EndGlobalSection
EndGlobal
